// !$*UTF8*$!
{
	archiveVersion = 1;
	classes = {
	};
	objectVersion = 50;
	objects = {

/* Begin PBXBuildFile section */
		EE5D725622EC35870018C43B /* AppDelegate.swift in Sources */ = {isa = PBXBuildFile; fileRef = EE5D725522EC35870018C43B /* AppDelegate.swift */; };
		EE5D725822EC35870018C43B /* SceneDelegate.swift in Sources */ = {isa = PBXBuildFile; fileRef = EE5D725722EC35870018C43B /* SceneDelegate.swift */; };
		EE5D725A22EC35870018C43B /* ContentView.swift in Sources */ = {isa = PBXBuildFile; fileRef = EE5D725922EC35870018C43B /* ContentView.swift */; };
		EE5D725C22EC35880018C43B /* Assets.xcassets in Resources */ = {isa = PBXBuildFile; fileRef = EE5D725B22EC35880018C43B /* Assets.xcassets */; };
		EE5D725F22EC35880018C43B /* Preview Assets.xcassets in Resources */ = {isa = PBXBuildFile; fileRef = EE5D725E22EC35880018C43B /* Preview Assets.xcassets */; };
		EE5D726222EC35880018C43B /* LaunchScreen.storyboard in Resources */ = {isa = PBXBuildFile; fileRef = EE5D726022EC35880018C43B /* LaunchScreen.storyboard */; };
		EE5D726D22EC35880018C43B /* PKaraokeTests.swift in Sources */ = {isa = PBXBuildFile; fileRef = EE5D726C22EC35880018C43B /* PKaraokeTests.swift */; };
		EE5D727822EC35880018C43B /* PKaraokeUITests.swift in Sources */ = {isa = PBXBuildFile; fileRef = EE5D727722EC35880018C43B /* PKaraokeUITests.swift */; };
/* End PBXBuildFile section */

/* Begin PBXContainerItemProxy section */
		EE5D726922EC35880018C43B /* PBXContainerItemProxy */ = {
			isa = PBXContainerItemProxy;
			containerPortal = EE5D724A22EC35870018C43B /* Project object */;
			proxyType = 1;
			remoteGlobalIDString = EE5D725122EC35870018C43B;
			remoteInfo = PKaraoke;
		};
		EE5D727422EC35880018C43B /* PBXContainerItemProxy */ = {
			isa = PBXContainerItemProxy;
			containerPortal = EE5D724A22EC35870018C43B /* Project object */;
			proxyType = 1;
			remoteGlobalIDString = EE5D725122EC35870018C43B;
			remoteInfo = PKaraoke;
		};
/* End PBXContainerItemProxy section */

/* Begin PBXFileReference section */
		EE5D725222EC35870018C43B /* PKaraoke.app */ = {isa = PBXFileReference; explicitFileType = wrapper.application; includeInIndex = 0; path = PKaraoke.app; sourceTree = BUILT_PRODUCTS_DIR; };
		EE5D725522EC35870018C43B /* AppDelegate.swift */ = {isa = PBXFileReference; lastKnownFileType = sourcecode.swift; path = AppDelegate.swift; sourceTree = "<group>"; };
		EE5D725722EC35870018C43B /* SceneDelegate.swift */ = {isa = PBXFileReference; lastKnownFileType = sourcecode.swift; path = SceneDelegate.swift; sourceTree = "<group>"; };
		EE5D725922EC35870018C43B /* ContentView.swift */ = {isa = PBXFileReference; lastKnownFileType = sourcecode.swift; path = ContentView.swift; sourceTree = "<group>"; };
		EE5D725B22EC35880018C43B /* Assets.xcassets */ = {isa = PBXFileReference; lastKnownFileType = folder.assetcatalog; path = Assets.xcassets; sourceTree = "<group>"; };
		EE5D725E22EC35880018C43B /* Preview Assets.xcassets */ = {isa = PBXFileReference; lastKnownFileType = folder.assetcatalog; path = "Preview Assets.xcassets"; sourceTree = "<group>"; };
		EE5D726122EC35880018C43B /* Base */ = {isa = PBXFileReference; lastKnownFileType = file.storyboard; name = Base; path = Base.lproj/LaunchScreen.storyboard; sourceTree = "<group>"; };
		EE5D726322EC35880018C43B /* Info.plist */ = {isa = PBXFileReference; lastKnownFileType = text.plist.xml; path = Info.plist; sourceTree = "<group>"; };
		EE5D726822EC35880018C43B /* PKaraokeTests.xctest */ = {isa = PBXFileReference; explicitFileType = wrapper.cfbundle; includeInIndex = 0; path = PKaraokeTests.xctest; sourceTree = BUILT_PRODUCTS_DIR; };
		EE5D726C22EC35880018C43B /* PKaraokeTests.swift */ = {isa = PBXFileReference; lastKnownFileType = sourcecode.swift; path = PKaraokeTests.swift; sourceTree = "<group>"; };
		EE5D726E22EC35880018C43B /* Info.plist */ = {isa = PBXFileReference; lastKnownFileType = text.plist.xml; path = Info.plist; sourceTree = "<group>"; };
		EE5D727322EC35880018C43B /* PKaraokeUITests.xctest */ = {isa = PBXFileReference; explicitFileType = wrapper.cfbundle; includeInIndex = 0; path = PKaraokeUITests.xctest; sourceTree = BUILT_PRODUCTS_DIR; };
		EE5D727722EC35880018C43B /* PKaraokeUITests.swift */ = {isa = PBXFileReference; lastKnownFileType = sourcecode.swift; path = PKaraokeUITests.swift; sourceTree = "<group>"; };
		EE5D727922EC35880018C43B /* Info.plist */ = {isa = PBXFileReference; lastKnownFileType = text.plist.xml; path = Info.plist; sourceTree = "<group>"; };
/* End PBXFileReference section */

/* Begin PBXFrameworksBuildPhase section */
		EE5D724F22EC35870018C43B /* Frameworks */ = {
			isa = PBXFrameworksBuildPhase;
			buildActionMask = 2147483647;
			files = (
			);
			runOnlyForDeploymentPostprocessing = 0;
		};
		EE5D726522EC35880018C43B /* Frameworks */ = {
			isa = PBXFrameworksBuildPhase;
			buildActionMask = 2147483647;
			files = (
			);
			runOnlyForDeploymentPostprocessing = 0;
		};
		EE5D727022EC35880018C43B /* Frameworks */ = {
			isa = PBXFrameworksBuildPhase;
			buildActionMask = 2147483647;
			files = (
			);
			runOnlyForDeploymentPostprocessing = 0;
		};
/* End PBXFrameworksBuildPhase section */

/* Begin PBXGroup section */
		EE5D724922EC35870018C43B = {
			isa = PBXGroup;
			children = (
				EE5D725422EC35870018C43B /* PKaraoke */,
				EE5D726B22EC35880018C43B /* PKaraokeTests */,
				EE5D727622EC35880018C43B /* PKaraokeUITests */,
				EE5D725322EC35870018C43B /* Products */,
			);
			sourceTree = "<group>";
		};
		EE5D725322EC35870018C43B /* Products */ = {
			isa = PBXGroup;
			children = (
				EE5D725222EC35870018C43B /* PKaraoke.app */,
				EE5D726822EC35880018C43B /* PKaraokeTests.xctest */,
				EE5D727322EC35880018C43B /* PKaraokeUITests.xctest */,
			);
			name = Products;
			sourceTree = "<group>";
		};
		EE5D725422EC35870018C43B /* PKaraoke */ = {
			isa = PBXGroup;
			children = (
				EE5D725522EC35870018C43B /* AppDelegate.swift */,
				EE5D725722EC35870018C43B /* SceneDelegate.swift */,
				EE5D725922EC35870018C43B /* ContentView.swift */,
				EE5D725B22EC35880018C43B /* Assets.xcassets */,
				EE5D726022EC35880018C43B /* LaunchScreen.storyboard */,
				EE5D726322EC35880018C43B /* Info.plist */,
				EE5D725D22EC35880018C43B /* Preview Content */,
			);
			path = PKaraoke;
			sourceTree = "<group>";
		};
		EE5D725D22EC35880018C43B /* Preview Content */ = {
			isa = PBXGroup;
			children = (
				EE5D725E22EC35880018C43B /* Preview Assets.xcassets */,
			);
			path = "Preview Content";
			sourceTree = "<group>";
		};
		EE5D726B22EC35880018C43B /* PKaraokeTests */ = {
			isa = PBXGroup;
			children = (
				EE5D726C22EC35880018C43B /* PKaraokeTests.swift */,
				EE5D726E22EC35880018C43B /* Info.plist */,
			);
			path = PKaraokeTests;
			sourceTree = "<group>";
		};
		EE5D727622EC35880018C43B /* PKaraokeUITests */ = {
			isa = PBXGroup;
			children = (
				EE5D727722EC35880018C43B /* PKaraokeUITests.swift */,
				EE5D727922EC35880018C43B /* Info.plist */,
			);
			path = PKaraokeUITests;
			sourceTree = "<group>";
		};
/* End PBXGroup section */

/* Begin PBXNativeTarget section */
		EE5D725122EC35870018C43B /* PKaraoke */ = {
			isa = PBXNativeTarget;
			buildConfigurationList = EE5D727C22EC35880018C43B /* Build configuration list for PBXNativeTarget "PKaraoke" */;
			buildPhases = (
				EE5D724E22EC35870018C43B /* Sources */,
				EE5D724F22EC35870018C43B /* Frameworks */,
				EE5D725022EC35870018C43B /* Resources */,
			);
			buildRules = (
			);
			dependencies = (
			);
			name = PKaraoke;
			productName = PKaraoke;
			productReference = EE5D725222EC35870018C43B /* PKaraoke.app */;
			productType = "com.apple.product-type.application";
		};
		EE5D726722EC35880018C43B /* PKaraokeTests */ = {
			isa = PBXNativeTarget;
			buildConfigurationList = EE5D727F22EC35880018C43B /* Build configuration list for PBXNativeTarget "PKaraokeTests" */;
			buildPhases = (
				EE5D726422EC35880018C43B /* Sources */,
				EE5D726522EC35880018C43B /* Frameworks */,
				EE5D726622EC35880018C43B /* Resources */,
			);
			buildRules = (
			);
			dependencies = (
				EE5D726A22EC35880018C43B /* PBXTargetDependency */,
			);
			name = PKaraokeTests;
			productName = PKaraokeTests;
			productReference = EE5D726822EC35880018C43B /* PKaraokeTests.xctest */;
			productType = "com.apple.product-type.bundle.unit-test";
		};
		EE5D727222EC35880018C43B /* PKaraokeUITests */ = {
			isa = PBXNativeTarget;
			buildConfigurationList = EE5D728222EC35880018C43B /* Build configuration list for PBXNativeTarget "PKaraokeUITests" */;
			buildPhases = (
				EE5D726F22EC35880018C43B /* Sources */,
				EE5D727022EC35880018C43B /* Frameworks */,
				EE5D727122EC35880018C43B /* Resources */,
			);
			buildRules = (
			);
			dependencies = (
				EE5D727522EC35880018C43B /* PBXTargetDependency */,
			);
			name = PKaraokeUITests;
			productName = PKaraokeUITests;
			productReference = EE5D727322EC35880018C43B /* PKaraokeUITests.xctest */;
			productType = "com.apple.product-type.bundle.ui-testing";
		};
/* End PBXNativeTarget section */

/* Begin PBXProject section */
		EE5D724A22EC35870018C43B /* Project object */ = {
			isa = PBXProject;
			attributes = {
				LastSwiftUpdateCheck = 1100;
				LastUpgradeCheck = 1100;
				ORGANIZATIONNAME = "Yuichiro MASUI";
				TargetAttributes = {
					EE5D725122EC35870018C43B = {
						CreatedOnToolsVersion = 11.0;
					};
					EE5D726722EC35880018C43B = {
						CreatedOnToolsVersion = 11.0;
						TestTargetID = EE5D725122EC35870018C43B;
					};
					EE5D727222EC35880018C43B = {
						CreatedOnToolsVersion = 11.0;
						TestTargetID = EE5D725122EC35870018C43B;
					};
				};
			};
			buildConfigurationList = EE5D724D22EC35870018C43B /* Build configuration list for PBXProject "PKaraoke" */;
			compatibilityVersion = "Xcode 9.3";
			developmentRegion = en;
			hasScannedForEncodings = 0;
			knownRegions = (
				en,
				Base,
			);
			mainGroup = EE5D724922EC35870018C43B;
			productRefGroup = EE5D725322EC35870018C43B /* Products */;
			projectDirPath = "";
			projectRoot = "";
			targets = (
				EE5D725122EC35870018C43B /* PKaraoke */,
				EE5D726722EC35880018C43B /* PKaraokeTests */,
				EE5D727222EC35880018C43B /* PKaraokeUITests */,
			);
		};
/* End PBXProject section */

/* Begin PBXResourcesBuildPhase section */
		EE5D725022EC35870018C43B /* Resources */ = {
			isa = PBXResourcesBuildPhase;
			buildActionMask = 2147483647;
			files = (
				EE5D726222EC35880018C43B /* LaunchScreen.storyboard in Resources */,
				EE5D725F22EC35880018C43B /* Preview Assets.xcassets in Resources */,
				EE5D725C22EC35880018C43B /* Assets.xcassets in Resources */,
			);
			runOnlyForDeploymentPostprocessing = 0;
		};
		EE5D726622EC35880018C43B /* Resources */ = {
			isa = PBXResourcesBuildPhase;
			buildActionMask = 2147483647;
			files = (
			);
			runOnlyForDeploymentPostprocessing = 0;
		};
		EE5D727122EC35880018C43B /* Resources */ = {
			isa = PBXResourcesBuildPhase;
			buildActionMask = 2147483647;
			files = (
			);
			runOnlyForDeploymentPostprocessing = 0;
		};
/* End PBXResourcesBuildPhase section */

/* Begin PBXSourcesBuildPhase section */
		EE5D724E22EC35870018C43B /* Sources */ = {
			isa = PBXSourcesBuildPhase;
			buildActionMask = 2147483647;
			files = (
				EE5D725622EC35870018C43B /* AppDelegate.swift in Sources */,
				EE5D725822EC35870018C43B /* SceneDelegate.swift in Sources */,
				EE5D725A22EC35870018C43B /* ContentView.swift in Sources */,
			);
			runOnlyForDeploymentPostprocessing = 0;
		};
		EE5D726422EC35880018C43B /* Sources */ = {
			isa = PBXSourcesBuildPhase;
			buildActionMask = 2147483647;
			files = (
				EE5D726D22EC35880018C43B /* PKaraokeTests.swift in Sources */,
			);
			runOnlyForDeploymentPostprocessing = 0;
		};
		EE5D726F22EC35880018C43B /* Sources */ = {
			isa = PBXSourcesBuildPhase;
			buildActionMask = 2147483647;
			files = (
				EE5D727822EC35880018C43B /* PKaraokeUITests.swift in Sources */,
			);
			runOnlyForDeploymentPostprocessing = 0;
		};
/* End PBXSourcesBuildPhase section */

/* Begin PBXTargetDependency section */
		EE5D726A22EC35880018C43B /* PBXTargetDependency */ = {
			isa = PBXTargetDependency;
			target = EE5D725122EC35870018C43B /* PKaraoke */;
			targetProxy = EE5D726922EC35880018C43B /* PBXContainerItemProxy */;
		};
		EE5D727522EC35880018C43B /* PBXTargetDependency */ = {
			isa = PBXTargetDependency;
			target = EE5D725122EC35870018C43B /* PKaraoke */;
			targetProxy = EE5D727422EC35880018C43B /* PBXContainerItemProxy */;
		};
/* End PBXTargetDependency section */

/* Begin PBXVariantGroup section */
		EE5D726022EC35880018C43B /* LaunchScreen.storyboard */ = {
			isa = PBXVariantGroup;
			children = (
				EE5D726122EC35880018C43B /* Base */,
			);
			name = LaunchScreen.storyboard;
			sourceTree = "<group>";
		};
/* End PBXVariantGroup section */

/* Begin XCBuildConfiguration section */
		EE5D727A22EC35880018C43B /* Debug */ = {
			isa = XCBuildConfiguration;
			buildSettings = {
				ALWAYS_SEARCH_USER_PATHS = NO;
				CLANG_ANALYZER_NONNULL = YES;
				CLANG_ANALYZER_NUMBER_OBJECT_CONVERSION = YES_AGGRESSIVE;
				CLANG_CXX_LANGUAGE_STANDARD = "gnu++14";
				CLANG_CXX_LIBRARY = "libc++";
				CLANG_ENABLE_MODULES = YES;
				CLANG_ENABLE_OBJC_ARC = YES;
				CLANG_ENABLE_OBJC_WEAK = YES;
				CLANG_WARN_BLOCK_CAPTURE_AUTORELEASING = YES;
				CLANG_WARN_BOOL_CONVERSION = YES;
				CLANG_WARN_COMMA = YES;
				CLANG_WARN_CONSTANT_CONVERSION = YES;
				CLANG_WARN_DEPRECATED_OBJC_IMPLEMENTATIONS = YES;
				CLANG_WARN_DIRECT_OBJC_ISA_USAGE = YES_ERROR;
				CLANG_WARN_DOCUMENTATION_COMMENTS = YES;
				CLANG_WARN_EMPTY_BODY = YES;
				CLANG_WARN_ENUM_CONVERSION = YES;
				CLANG_WARN_INFINITE_RECURSION = YES;
				CLANG_WARN_INT_CONVERSION = YES;
				CLANG_WARN_NON_LITERAL_NULL_CONVERSION = YES;
				CLANG_WARN_OBJC_IMPLICIT_RETAIN_SELF = YES;
				CLANG_WARN_OBJC_LITERAL_CONVERSION = YES;
				CLANG_WARN_OBJC_ROOT_CLASS = YES_ERROR;
				CLANG_WARN_RANGE_LOOP_ANALYSIS = YES;
				CLANG_WARN_STRICT_PROTOTYPES = YES;
				CLANG_WARN_SUSPICIOUS_MOVE = YES;
				CLANG_WARN_UNGUARDED_AVAILABILITY = YES_AGGRESSIVE;
				CLANG_WARN_UNREACHABLE_CODE = YES;
				CLANG_WARN__DUPLICATE_METHOD_MATCH = YES;
				COPY_PHASE_STRIP = NO;
				DEBUG_INFORMATION_FORMAT = dwarf;
				ENABLE_STRICT_OBJC_MSGSEND = YES;
				ENABLE_TESTABILITY = YES;
				GCC_C_LANGUAGE_STANDARD = gnu11;
				GCC_DYNAMIC_NO_PIC = NO;
				GCC_NO_COMMON_BLOCKS = YES;
				GCC_OPTIMIZATION_LEVEL = 0;
				GCC_PREPROCESSOR_DEFINITIONS = (
					"DEBUG=1",
					"$(inherited)",
				);
				GCC_WARN_64_TO_32_BIT_CONVERSION = YES;
				GCC_WARN_ABOUT_RETURN_TYPE = YES_ERROR;
				GCC_WARN_UNDECLARED_SELECTOR = YES;
				GCC_WARN_UNINITIALIZED_AUTOS = YES_AGGRESSIVE;
				GCC_WARN_UNUSED_FUNCTION = YES;
				GCC_WARN_UNUSED_VARIABLE = YES;
				IPHONEOS_DEPLOYMENT_TARGET = 13.0;
				MTL_ENABLE_DEBUG_INFO = INCLUDE_SOURCE;
				MTL_FAST_MATH = YES;
				ONLY_ACTIVE_ARCH = YES;
				SDKROOT = iphoneos;
				SWIFT_ACTIVE_COMPILATION_CONDITIONS = DEBUG;
				SWIFT_OPTIMIZATION_LEVEL = "-Onone";
			};
			name = Debug;
		};
		EE5D727B22EC35880018C43B /* Release */ = {
			isa = XCBuildConfiguration;
			buildSettings = {
				ALWAYS_SEARCH_USER_PATHS = NO;
				CLANG_ANALYZER_NONNULL = YES;
				CLANG_ANALYZER_NUMBER_OBJECT_CONVERSION = YES_AGGRESSIVE;
				CLANG_CXX_LANGUAGE_STANDARD = "gnu++14";
				CLANG_CXX_LIBRARY = "libc++";
				CLANG_ENABLE_MODULES = YES;
				CLANG_ENABLE_OBJC_ARC = YES;
				CLANG_ENABLE_OBJC_WEAK = YES;
				CLANG_WARN_BLOCK_CAPTURE_AUTORELEASING = YES;
				CLANG_WARN_BOOL_CONVERSION = YES;
				CLANG_WARN_COMMA = YES;
				CLANG_WARN_CONSTANT_CONVERSION = YES;
				CLANG_WARN_DEPRECATED_OBJC_IMPLEMENTATIONS = YES;
				CLANG_WARN_DIRECT_OBJC_ISA_USAGE = YES_ERROR;
				CLANG_WARN_DOCUMENTATION_COMMENTS = YES;
				CLANG_WARN_EMPTY_BODY = YES;
				CLANG_WARN_ENUM_CONVERSION = YES;
				CLANG_WARN_INFINITE_RECURSION = YES;
				CLANG_WARN_INT_CONVERSION = YES;
				CLANG_WARN_NON_LITERAL_NULL_CONVERSION = YES;
				CLANG_WARN_OBJC_IMPLICIT_RETAIN_SELF = YES;
				CLANG_WARN_OBJC_LITERAL_CONVERSION = YES;
				CLANG_WARN_OBJC_ROOT_CLASS = YES_ERROR;
				CLANG_WARN_RANGE_LOOP_ANALYSIS = YES;
				CLANG_WARN_STRICT_PROTOTYPES = YES;
				CLANG_WARN_SUSPICIOUS_MOVE = YES;
				CLANG_WARN_UNGUARDED_AVAILABILITY = YES_AGGRESSIVE;
				CLANG_WARN_UNREACHABLE_CODE = YES;
				CLANG_WARN__DUPLICATE_METHOD_MATCH = YES;
				COPY_PHASE_STRIP = NO;
				DEBUG_INFORMATION_FORMAT = "dwarf-with-dsym";
				ENABLE_NS_ASSERTIONS = NO;
				ENABLE_STRICT_OBJC_MSGSEND = YES;
				GCC_C_LANGUAGE_STANDARD = gnu11;
				GCC_NO_COMMON_BLOCKS = YES;
				GCC_WARN_64_TO_32_BIT_CONVERSION = YES;
				GCC_WARN_ABOUT_RETURN_TYPE = YES_ERROR;
				GCC_WARN_UNDECLARED_SELECTOR = YES;
				GCC_WARN_UNINITIALIZED_AUTOS = YES_AGGRESSIVE;
				GCC_WARN_UNUSED_FUNCTION = YES;
				GCC_WARN_UNUSED_VARIABLE = YES;
				IPHONEOS_DEPLOYMENT_TARGET = 13.0;
				MTL_ENABLE_DEBUG_INFO = NO;
				MTL_FAST_MATH = YES;
				SDKROOT = iphoneos;
				SWIFT_COMPILATION_MODE = wholemodule;
				SWIFT_OPTIMIZATION_LEVEL = "-O";
				VALIDATE_PRODUCT = YES;
			};
			name = Release;
		};
		EE5D727D22EC35880018C43B /* Debug */ = {
			isa = XCBuildConfiguration;
			buildSettings = {
				ASSETCATALOG_COMPILER_APPICON_NAME = AppIcon;
				CODE_SIGN_STYLE = Automatic;
				DEVELOPMENT_ASSET_PATHS = "PKaraoke/Preview\\ Content";
				DEVELOPMENT_TEAM = PWV39F9LF9;
				ENABLE_PREVIEWS = YES;
				INFOPLIST_FILE = PKaraoke/Info.plist;
				LD_RUNPATH_SEARCH_PATHS = (
					"$(inherited)",
					"@executable_path/Frameworks",
				);
				PRODUCT_BUNDLE_IDENTIFIER = jp.masuidrive.PKaraoke;
				PRODUCT_NAME = "$(TARGET_NAME)";
				SWIFT_VERSION = 5.0;
				TARGETED_DEVICE_FAMILY = "1,2";
			};
			name = Debug;
		};
		EE5D727E22EC35880018C43B /* Release */ = {
			isa = XCBuildConfiguration;
			buildSettings = {
				ASSETCATALOG_COMPILER_APPICON_NAME = AppIcon;
				CODE_SIGN_STYLE = Automatic;
				DEVELOPMENT_ASSET_PATHS = "PKaraoke/Preview\\ Content";
				DEVELOPMENT_TEAM = PWV39F9LF9;
				ENABLE_PREVIEWS = YES;
				INFOPLIST_FILE = PKaraoke/Info.plist;
				LD_RUNPATH_SEARCH_PATHS = (
					"$(inherited)",
					"@executable_path/Frameworks",
				);
				PRODUCT_BUNDLE_IDENTIFIER = jp.masuidrive.PKaraoke;
				PRODUCT_NAME = "$(TARGET_NAME)";
				SWIFT_VERSION = 5.0;
				TARGETED_DEVICE_FAMILY = "1,2";
			};
			name = Release;
		};
		EE5D728022EC35880018C43B /* Debug */ = {
			isa = XCBuildConfiguration;
			buildSettings = {
				ALWAYS_EMBED_SWIFT_STANDARD_LIBRARIES = YES;
				BUNDLE_LOADER = "$(TEST_HOST)";
				CODE_SIGN_STYLE = Automatic;
				DEVELOPMENT_TEAM = PWV39F9LF9;
				INFOPLIST_FILE = PKaraokeTests/Info.plist;
				LD_RUNPATH_SEARCH_PATHS = (
					"$(inherited)",
					"@executable_path/Frameworks",
					"@loader_path/Frameworks",
				);
				PRODUCT_BUNDLE_IDENTIFIER = jp.masuidrive.PKaraokeTests;
				PRODUCT_NAME = "$(TARGET_NAME)";
				SWIFT_VERSION = 5.0;
				TARGETED_DEVICE_FAMILY = "1,2";
				TEST_HOST = "$(BUILT_PRODUCTS_DIR)/PKaraoke.app/PKaraoke";
			};
			name = Debug;
		};
		EE5D728122EC35880018C43B /* Release */ = {
			isa = XCBuildConfiguration;
			buildSettings = {
				ALWAYS_EMBED_SWIFT_STANDARD_LIBRARIES = YES;
				BUNDLE_LOADER = "$(TEST_HOST)";
				CODE_SIGN_STYLE = Automatic;
				DEVELOPMENT_TEAM = PWV39F9LF9;
				INFOPLIST_FILE = PKaraokeTests/Info.plist;
				LD_RUNPATH_SEARCH_PATHS = (
					"$(inherited)",
					"@executable_path/Frameworks",
					"@loader_path/Frameworks",
				);
				PRODUCT_BUNDLE_IDENTIFIER = jp.masuidrive.PKaraokeTests;
				PRODUCT_NAME = "$(TARGET_NAME)";
				SWIFT_VERSION = 5.0;
				TARGETED_DEVICE_FAMILY = "1,2";
				TEST_HOST = "$(BUILT_PRODUCTS_DIR)/PKaraoke.app/PKaraoke";
			};
			name = Release;
		};
		EE5D728322EC35880018C43B /* Debug */ = {
			isa = XCBuildConfiguration;
			buildSettings = {
				ALWAYS_EMBED_SWIFT_STANDARD_LIBRARIES = YES;
				CODE_SIGN_STYLE = Automatic;
				DEVELOPMENT_TEAM = PWV39F9LF9;
				INFOPLIST_FILE = PKaraokeUITests/Info.plist;
				LD_RUNPATH_SEARCH_PATHS = (
					"$(inherited)",
					"@executable_path/Frameworks",
					"@loader_path/Frameworks",
				);
				PRODUCT_BUNDLE_IDENTIFIER = jp.masuidrive.PKaraokeUITests;
				PRODUCT_NAME = "$(TARGET_NAME)";
				SWIFT_VERSION = 5.0;
				TARGETED_DEVICE_FAMILY = "1,2";
				TEST_TARGET_NAME = PKaraoke;
			};
			name = Debug;
		};
		EE5D728422EC35880018C43B /* Release */ = {
			isa = XCBuildConfiguration;
			buildSettings = {
				ALWAYS_EMBED_SWIFT_STANDARD_LIBRARIES = YES;
				CODE_SIGN_STYLE = Automatic;
				DEVELOPMENT_TEAM = PWV39F9LF9;
				INFOPLIST_FILE = PKaraokeUITests/Info.plist;
				LD_RUNPATH_SEARCH_PATHS = (
					"$(inherited)",
					"@executable_path/Frameworks",
					"@loader_path/Frameworks",
				);
				PRODUCT_BUNDLE_IDENTIFIER = jp.masuidrive.PKaraokeUITests;
				PRODUCT_NAME = "$(TARGET_NAME)";
				SWIFT_VERSION = 5.0;
				TARGETED_DEVICE_FAMILY = "1,2";
				TEST_TARGET_NAME = PKaraoke;
			};
			name = Release;
		};
/* End XCBuildConfiguration section */

/* Begin XCConfigurationList section */
		EE5D724D22EC35870018C43B /* Build configuration list for PBXProject "PKaraoke" */ = {
			isa = XCConfigurationList;
			buildConfigurations = (
				EE5D727A22EC35880018C43B /* Debug */,
				EE5D727B22EC35880018C43B /* Release */,
			);
			defaultConfigurationIsVisible = 0;
			defaultConfigurationName = Release;
		};
		EE5D727C22EC35880018C43B /* Build configuration list for PBXNativeTarget "PKaraoke" */ = {
			isa = XCConfigurationList;
			buildConfigurations = (
				EE5D727D22EC35880018C43B /* Debug */,
				EE5D727E22EC35880018C43B /* Release */,
			);
			defaultConfigurationIsVisible = 0;
			defaultConfigurationName = Release;
		};
		EE5D727F22EC35880018C43B /* Build configuration list for PBXNativeTarget "PKaraokeTests" */ = {
			isa = XCConfigurationList;
			buildConfigurations = (
				EE5D728022EC35880018C43B /* Debug */,
				EE5D728122EC35880018C43B /* Release */,
			);
			defaultConfigurationIsVisible = 0;
			defaultConfigurationName = Release;
		};
		EE5D728222EC35880018C43B /* Build configuration list for PBXNativeTarget "PKaraokeUITests" */ = {
			isa = XCConfigurationList;
			buildConfigurations = (
				EE5D728322EC35880018C43B /* Debug */,
				EE5D728422EC35880018C43B /* Release */,
			);
			defaultConfigurationIsVisible = 0;
			defaultConfigurationName = Release;
		};
/* End XCConfigurationList section */
	};
	rootObject = EE5D724A22EC35870018C43B /* Project object */;
}
